// !$*UTF8*$!
{
	archiveVersion = 1;
	classes = {
	};
	objectVersion = 46;
	objects = {

/* Begin PBXBuildFile section */
		0A3CA204193FB57B004A0F27 /* Foundation.framework in Frameworks */ = {isa = PBXBuildFile; fileRef = 0A3CA203193FB57B004A0F27 /* Foundation.framework */; };
		0A3CA206193FB57B004A0F27 /* CoreGraphics.framework in Frameworks */ = {isa = PBXBuildFile; fileRef = 0A3CA205193FB57B004A0F27 /* CoreGraphics.framework */; };
		0A3CA208193FB57B004A0F27 /* UIKit.framework in Frameworks */ = {isa = PBXBuildFile; fileRef = 0A3CA207193FB57B004A0F27 /* UIKit.framework */; };
		0A3CA20E193FB57B004A0F27 /* InfoPlist.strings in Resources */ = {isa = PBXBuildFile; fileRef = 0A3CA20C193FB57B004A0F27 /* InfoPlist.strings */; };
		0A3CA210193FB57B004A0F27 /* main.m in Sources */ = {isa = PBXBuildFile; fileRef = 0A3CA20F193FB57B004A0F27 /* main.m */; };
		0A3CA214193FB57B004A0F27 /* AppDelegate.m in Sources */ = {isa = PBXBuildFile; fileRef = 0A3CA213193FB57B004A0F27 /* AppDelegate.m */; };
		0A3CA216193FB57B004A0F27 /* Images.xcassets in Resources */ = {isa = PBXBuildFile; fileRef = 0A3CA215193FB57B004A0F27 /* Images.xcassets */; };
		0A3CA21D193FB57B004A0F27 /* XCTest.framework in Frameworks */ = {isa = PBXBuildFile; fileRef = 0A3CA21C193FB57B004A0F27 /* XCTest.framework */; };
		0A3CA21E193FB57B004A0F27 /* Foundation.framework in Frameworks */ = {isa = PBXBuildFile; fileRef = 0A3CA203193FB57B004A0F27 /* Foundation.framework */; };
		0A3CA21F193FB57B004A0F27 /* UIKit.framework in Frameworks */ = {isa = PBXBuildFile; fileRef = 0A3CA207193FB57B004A0F27 /* UIKit.framework */; };
		0A3CA227193FB57B004A0F27 /* InfoPlist.strings in Resources */ = {isa = PBXBuildFile; fileRef = 0A3CA225193FB57B004A0F27 /* InfoPlist.strings */; };
		0A3CA229193FB57B004A0F27 /* Test_TableTests.m in Sources */ = {isa = PBXBuildFile; fileRef = 0A3CA228193FB57B004A0F27 /* Test_TableTests.m */; };
/* End PBXBuildFile section */

/* Begin PBXContainerItemProxy section */
		0A3CA220193FB57B004A0F27 /* PBXContainerItemProxy */ = {
			isa = PBXContainerItemProxy;
			containerPortal = 0A3CA1F8193FB57B004A0F27 /* Project object */;
			proxyType = 1;
			remoteGlobalIDString = 0A3CA1FF193FB57B004A0F27;
			remoteInfo = "Test Table";
		};
/* End PBXContainerItemProxy section */

/* Begin PBXFileReference section */
		0A3CA200193FB57B004A0F27 /* Test Table.app */ = {isa = PBXFileReference; explicitFileType = wrapper.application; includeInIndex = 0; path = "Test Table.app"; sourceTree = BUILT_PRODUCTS_DIR; };
		0A3CA203193FB57B004A0F27 /* Foundation.framework */ = {isa = PBXFileReference; lastKnownFileType = wrapper.framework; name = Foundation.framework; path = System/Library/Frameworks/Foundation.framework; sourceTree = SDKROOT; };
		0A3CA205193FB57B004A0F27 /* CoreGraphics.framework */ = {isa = PBXFileReference; lastKnownFileType = wrapper.framework; name = CoreGraphics.framework; path = System/Library/Frameworks/CoreGraphics.framework; sourceTree = SDKROOT; };
		0A3CA207193FB57B004A0F27 /* UIKit.framework */ = {isa = PBXFileReference; lastKnownFileType = wrapper.framework; name = UIKit.framework; path = System/Library/Frameworks/UIKit.framework; sourceTree = SDKROOT; };
		0A3CA20B193FB57B004A0F27 /* Test Table-Info.plist */ = {isa = PBXFileReference; lastKnownFileType = text.plist.xml; path = "Test Table-Info.plist"; sourceTree = "<group>"; };
		0A3CA20D193FB57B004A0F27 /* en */ = {isa = PBXFileReference; lastKnownFileType = text.plist.strings; name = en; path = en.lproj/InfoPlist.strings; sourceTree = "<group>"; };
		0A3CA20F193FB57B004A0F27 /* main.m */ = {isa = PBXFileReference; lastKnownFileType = sourcecode.c.objc; path = main.m; sourceTree = "<group>"; };
		0A3CA211193FB57B004A0F27 /* Test Table-Prefix.pch */ = {isa = PBXFileReference; lastKnownFileType = sourcecode.c.h; path = "Test Table-Prefix.pch"; sourceTree = "<group>"; };
		0A3CA212193FB57B004A0F27 /* AppDelegate.h */ = {isa = PBXFileReference; lastKnownFileType = sourcecode.c.h; path = AppDelegate.h; sourceTree = "<group>"; };
		0A3CA213193FB57B004A0F27 /* AppDelegate.m */ = {isa = PBXFileReference; lastKnownFileType = sourcecode.c.objc; path = AppDelegate.m; sourceTree = "<group>"; };
		0A3CA215193FB57B004A0F27 /* Images.xcassets */ = {isa = PBXFileReference; lastKnownFileType = folder.assetcatalog; path = Images.xcassets; sourceTree = "<group>"; };
		0A3CA21B193FB57B004A0F27 /* Test TableTests.xctest */ = {isa = PBXFileReference; explicitFileType = wrapper.cfbundle; includeInIndex = 0; path = "Test TableTests.xctest"; sourceTree = BUILT_PRODUCTS_DIR; };
		0A3CA21C193FB57B004A0F27 /* XCTest.framework */ = {isa = PBXFileReference; lastKnownFileType = wrapper.framework; name = XCTest.framework; path = Library/Frameworks/XCTest.framework; sourceTree = DEVELOPER_DIR; };
		0A3CA224193FB57B004A0F27 /* Test TableTests-Info.plist */ = {isa = PBXFileReference; lastKnownFileType = text.plist.xml; path = "Test TableTests-Info.plist"; sourceTree = "<group>"; };
		0A3CA226193FB57B004A0F27 /* en */ = {isa = PBXFileReference; lastKnownFileType = text.plist.strings; name = en; path = en.lproj/InfoPlist.strings; sourceTree = "<group>"; };
		0A3CA228193FB57B004A0F27 /* Test_TableTests.m */ = {isa = PBXFileReference; lastKnownFileType = sourcecode.c.objc; path = Test_TableTests.m; sourceTree = "<group>"; };
/* End PBXFileReference section */

/* Begin PBXFrameworksBuildPhase section */
		0A3CA1FD193FB57B004A0F27 /* Frameworks */ = {
			isa = PBXFrameworksBuildPhase;
			buildActionMask = 2147483647;
			files = (
				0A3CA206193FB57B004A0F27 /* CoreGraphics.framework in Frameworks */,
				0A3CA208193FB57B004A0F27 /* UIKit.framework in Frameworks */,
				0A3CA204193FB57B004A0F27 /* Foundation.framework in Frameworks */,
			);
			runOnlyForDeploymentPostprocessing = 0;
		};
		0A3CA218193FB57B004A0F27 /* Frameworks */ = {
			isa = PBXFrameworksBuildPhase;
			buildActionMask = 2147483647;
			files = (
				0A3CA21D193FB57B004A0F27 /* XCTest.framework in Frameworks */,
				0A3CA21F193FB57B004A0F27 /* UIKit.framework in Frameworks */,
				0A3CA21E193FB57B004A0F27 /* Foundation.framework in Frameworks */,
			);
			runOnlyForDeploymentPostprocessing = 0;
		};
/* End PBXFrameworksBuildPhase section */

/* Begin PBXGroup section */
		0A3CA1F7193FB57B004A0F27 = {
			isa = PBXGroup;
			children = (
				0A3CA209193FB57B004A0F27 /* Test Table */,
				0A3CA222193FB57B004A0F27 /* Test TableTests */,
				0A3CA202193FB57B004A0F27 /* Frameworks */,
				0A3CA201193FB57B004A0F27 /* Products */,
			);
			sourceTree = "<group>";
		};
		0A3CA201193FB57B004A0F27 /* Products */ = {
			isa = PBXGroup;
			children = (
				0A3CA200193FB57B004A0F27 /* Test Table.app */,
				0A3CA21B193FB57B004A0F27 /* Test TableTests.xctest */,
			);
			name = Products;
			sourceTree = "<group>";
		};
		0A3CA202193FB57B004A0F27 /* Frameworks */ = {
			isa = PBXGroup;
			children = (
				0A3CA203193FB57B004A0F27 /* Foundation.framework */,
				0A3CA205193FB57B004A0F27 /* CoreGraphics.framework */,
				0A3CA207193FB57B004A0F27 /* UIKit.framework */,
				0A3CA21C193FB57B004A0F27 /* XCTest.framework */,
			);
			name = Frameworks;
			sourceTree = "<group>";
		};
		0A3CA209193FB57B004A0F27 /* Test Table */ = {
			isa = PBXGroup;
			children = (
				0A3CA212193FB57B004A0F27 /* AppDelegate.h */,
				0A3CA213193FB57B004A0F27 /* AppDelegate.m */,
				0A3CA215193FB57B004A0F27 /* Images.xcassets */,
				0A3CA20A193FB57B004A0F27 /* Supporting Files */,
			);
			path = "Test Table";
			sourceTree = "<group>";
		};
		0A3CA20A193FB57B004A0F27 /* Supporting Files */ = {
			isa = PBXGroup;
			children = (
				0A3CA20B193FB57B004A0F27 /* Test Table-Info.plist */,
				0A3CA20C193FB57B004A0F27 /* InfoPlist.strings */,
				0A3CA20F193FB57B004A0F27 /* main.m */,
				0A3CA211193FB57B004A0F27 /* Test Table-Prefix.pch */,
			);
			name = "Supporting Files";
			sourceTree = "<group>";
		};
		0A3CA222193FB57B004A0F27 /* Test TableTests */ = {
			isa = PBXGroup;
			children = (
				0A3CA228193FB57B004A0F27 /* Test_TableTests.m */,
				0A3CA223193FB57B004A0F27 /* Supporting Files */,
			);
			path = "Test TableTests";
			sourceTree = "<group>";
		};
		0A3CA223193FB57B004A0F27 /* Supporting Files */ = {
			isa = PBXGroup;
			children = (
				0A3CA224193FB57B004A0F27 /* Test TableTests-Info.plist */,
				0A3CA225193FB57B004A0F27 /* InfoPlist.strings */,
			);
			name = "Supporting Files";
			sourceTree = "<group>";
		};
/* End PBXGroup section */

/* Begin PBXNativeTarget section */
		0A3CA1FF193FB57B004A0F27 /* Test Table */ = {
			isa = PBXNativeTarget;
			buildConfigurationList = 0A3CA22C193FB57B004A0F27 /* Build configuration list for PBXNativeTarget "Test Table" */;
			buildPhases = (
				0A3CA1FC193FB57B004A0F27 /* Sources */,
				0A3CA1FD193FB57B004A0F27 /* Frameworks */,
				0A3CA1FE193FB57B004A0F27 /* Resources */,
			);
			buildRules = (
			);
			dependencies = (
			);
			name = "Test Table";
			productName = "Test Table";
			productReference = 0A3CA200193FB57B004A0F27 /* Test Table.app */;
			productType = "com.apple.product-type.application";
		};
		0A3CA21A193FB57B004A0F27 /* Test TableTests */ = {
			isa = PBXNativeTarget;
			buildConfigurationList = 0A3CA22F193FB57B004A0F27 /* Build configuration list for PBXNativeTarget "Test TableTests" */;
			buildPhases = (
				0A3CA217193FB57B004A0F27 /* Sources */,
				0A3CA218193FB57B004A0F27 /* Frameworks */,
				0A3CA219193FB57B004A0F27 /* Resources */,
			);
			buildRules = (
			);
			dependencies = (
				0A3CA221193FB57B004A0F27 /* PBXTargetDependency */,
			);
			name = "Test TableTests";
			productName = "Test TableTests";
			productReference = 0A3CA21B193FB57B004A0F27 /* Test TableTests.xctest */;
			productType = "com.apple.product-type.bundle.unit-test";
		};
/* End PBXNativeTarget section */

/* Begin PBXProject section */
		0A3CA1F8193FB57B004A0F27 /* Project object */ = {
			isa = PBXProject;
			attributes = {
				LastUpgradeCheck = 0510;
				ORGANIZATIONNAME = "Minh Luu";
				TargetAttributes = {
					0A3CA21A193FB57B004A0F27 = {
						TestTargetID = 0A3CA1FF193FB57B004A0F27;
					};
				};
			};
			buildConfigurationList = 0A3CA1FB193FB57B004A0F27 /* Build configuration list for PBXProject "Test Table" */;
			compatibilityVersion = "Xcode 3.2";
			developmentRegion = English;
			hasScannedForEncodings = 0;
			knownRegions = (
				en,
			);
			mainGroup = 0A3CA1F7193FB57B004A0F27;
			productRefGroup = 0A3CA201193FB57B004A0F27 /* Products */;
			projectDirPath = "";
			projectRoot = "";
			targets = (
				0A3CA1FF193FB57B004A0F27 /* Test Table */,
				0A3CA21A193FB57B004A0F27 /* Test TableTests */,
			);
		};
/* End PBXProject section */

/* Begin PBXResourcesBuildPhase section */
		0A3CA1FE193FB57B004A0F27 /* Resources */ = {
			isa = PBXResourcesBuildPhase;
			buildActionMask = 2147483647;
			files = (
				0A3CA20E193FB57B004A0F27 /* InfoPlist.strings in Resources */,
				0A3CA216193FB57B004A0F27 /* Images.xcassets in Resources */,
			);
			runOnlyForDeploymentPostprocessing = 0;
		};
		0A3CA219193FB57B004A0F27 /* Resources */ = {
			isa = PBXResourcesBuildPhase;
			buildActionMask = 2147483647;
			files = (
				0A3CA227193FB57B004A0F27 /* InfoPlist.strings in Resources */,
			);
			runOnlyForDeploymentPostprocessing = 0;
		};
/* End PBXResourcesBuildPhase section */

/* Begin PBXSourcesBuildPhase section */
		0A3CA1FC193FB57B004A0F27 /* Sources */ = {
			isa = PBXSourcesBuildPhase;
			buildActionMask = 2147483647;
			files = (
				0A3CA214193FB57B004A0F27 /* AppDelegate.m in Sources */,
				0A3CA210193FB57B004A0F27 /* main.m in Sources */,
			);
			runOnlyForDeploymentPostprocessing = 0;
		};
		0A3CA217193FB57B004A0F27 /* Sources */ = {
			isa = PBXSourcesBuildPhase;
			buildActionMask = 2147483647;
			files = (
				0A3CA229193FB57B004A0F27 /* Test_TableTests.m in Sources */,
			);
			runOnlyForDeploymentPostprocessing = 0;
		};
/* End PBXSourcesBuildPhase section */

/* Begin PBXTargetDependency section */
		0A3CA221193FB57B004A0F27 /* PBXTargetDependency */ = {
			isa = PBXTargetDependency;
			target = 0A3CA1FF193FB57B004A0F27 /* Test Table */;
			targetProxy = 0A3CA220193FB57B004A0F27 /* PBXContainerItemProxy */;
		};
/* End PBXTargetDependency section */

/* Begin PBXVariantGroup section */
		0A3CA20C193FB57B004A0F27 /* InfoPlist.strings */ = {
			isa = PBXVariantGroup;
			children = (
				0A3CA20D193FB57B004A0F27 /* en */,
			);
			name = InfoPlist.strings;
			sourceTree = "<group>";
		};
		0A3CA225193FB57B004A0F27 /* InfoPlist.strings */ = {
			isa = PBXVariantGroup;
			children = (
				0A3CA226193FB57B004A0F27 /* en */,
			);
			name = InfoPlist.strings;
			sourceTree = "<group>";
		};
/* End PBXVariantGroup section */

/* Begin XCBuildConfiguration section */
		0A3CA22A193FB57B004A0F27 /* Debug */ = {
			isa = XCBuildConfiguration;
			buildSettings = {
				ALWAYS_SEARCH_USER_PATHS = NO;
				CLANG_CXX_LANGUAGE_STANDARD = "gnu++0x";
				CLANG_CXX_LIBRARY = "libc++";
				CLANG_ENABLE_MODULES = YES;
				CLANG_ENABLE_OBJC_ARC = YES;
				CLANG_WARN_BOOL_CONVERSION = YES;
				CLANG_WARN_CONSTANT_CONVERSION = YES;
				CLANG_WARN_DIRECT_OBJC_ISA_USAGE = YES_ERROR;
				CLANG_WARN_EMPTY_BODY = YES;
				CLANG_WARN_ENUM_CONVERSION = YES;
				CLANG_WARN_INT_CONVERSION = YES;
				CLANG_WARN_OBJC_ROOT_CLASS = YES_ERROR;
				CLANG_WARN__DUPLICATE_METHOD_MATCH = YES;
				"CODE_SIGN_IDENTITY[sdk=iphoneos*]" = "iPhone Developer";
				COPY_PHASE_STRIP = NO;
				GCC_C_LANGUAGE_STANDARD = gnu99;
				GCC_DYNAMIC_NO_PIC = NO;
				GCC_OPTIMIZATION_LEVEL = 0;
				GCC_PREPROCESSOR_DEFINITIONS = (
					"DEBUG=1",
					"$(inherited)",
				);
				GCC_SYMBOLS_PRIVATE_EXTERN = NO;
				GCC_WARN_64_TO_32_BIT_CONVERSION = YES;
				GCC_WARN_ABOUT_RETURN_TYPE = YES_ERROR;
				GCC_WARN_UNDECLARED_SELECTOR = YES;
				GCC_WARN_UNINITIALIZED_AUTOS = YES_AGGRESSIVE;
				GCC_WARN_UNUSED_FUNCTION = YES;
				GCC_WARN_UNUSED_VARIABLE = YES;
				IPHONEOS_DEPLOYMENT_TARGET = 7.1;
				ONLY_ACTIVE_ARCH = YES;
				SDKROOT = iphoneos;
			};
			name = Debug;
		};
		0A3CA22B193FB57B004A0F27 /* Release */ = {
			isa = XCBuildConfiguration;
			buildSettings = {
				ALWAYS_SEARCH_USER_PATHS = NO;
				CLANG_CXX_LANGUAGE_STANDARD = "gnu++0x";
				CLANG_CXX_LIBRARY = "libc++";
				CLANG_ENABLE_MODULES = YES;
				CLANG_ENABLE_OBJC_ARC = YES;
				CLANG_WARN_BOOL_CONVERSION = YES;
				CLANG_WARN_CONSTANT_CONVERSION = YES;
				CLANG_WARN_DIRECT_OBJC_ISA_USAGE = YES_ERROR;
				CLANG_WARN_EMPTY_BODY = YES;
				CLANG_WARN_ENUM_CONVERSION = YES;
				CLANG_WARN_INT_CONVERSION = YES;
				CLANG_WARN_OBJC_ROOT_CLASS = YES_ERROR;
				CLANG_WARN__DUPLICATE_METHOD_MATCH = YES;
				"CODE_SIGN_IDENTITY[sdk=iphoneos*]" = "iPhone Developer";
				COPY_PHASE_STRIP = YES;
				ENABLE_NS_ASSERTIONS = NO;
				GCC_C_LANGUAGE_STANDARD = gnu99;
				GCC_WARN_64_TO_32_BIT_CONVERSION = YES;
				GCC_WARN_ABOUT_RETURN_TYPE = YES_ERROR;
				GCC_WARN_UNDECLARED_SELECTOR = YES;
				GCC_WARN_UNINITIALIZED_AUTOS = YES_AGGRESSIVE;
				GCC_WARN_UNUSED_FUNCTION = YES;
				GCC_WARN_UNUSED_VARIABLE = YES;
				IPHONEOS_DEPLOYMENT_TARGET = 7.1;
				SDKROOT = iphoneos;
				VALIDATE_PRODUCT = YES;
			};
			name = Release;
		};
		0A3CA22D193FB57B004A0F27 /* Debug */ = {
			isa = XCBuildConfiguration;
			buildSettings = {
				ASSETCATALOG_COMPILER_APPICON_NAME = AppIcon;
				ASSETCATALOG_COMPILER_LAUNCHIMAGE_NAME = LaunchImage;
				GCC_PRECOMPILE_PREFIX_HEADER = YES;
				GCC_PREFIX_HEADER = "Test Table/Test Table-Prefix.pch";
				INFOPLIST_FILE = "Test Table/Test Table-Info.plist";
				PRODUCT_NAME = "$(TARGET_NAME)";
				WRAPPER_EXTENSION = app;
			};
			name = Debug;
		};
		0A3CA22E193FB57B004A0F27 /* Release */ = {
			isa = XCBuildConfiguration;
			buildSettings = {
				ASSETCATALOG_COMPILER_APPICON_NAME = AppIcon;
				ASSETCATALOG_COMPILER_LAUNCHIMAGE_NAME = LaunchImage;
				GCC_PRECOMPILE_PREFIX_HEADER = YES;
				GCC_PREFIX_HEADER = "Test Table/Test Table-Prefix.pch";
				INFOPLIST_FILE = "Test Table/Test Table-Info.plist";
				PRODUCT_NAME = "$(TARGET_NAME)";
				WRAPPER_EXTENSION = app;
			};
			name = Release;
		};
		0A3CA230193FB57B004A0F27 /* Debug */ = {
			isa = XCBuildConfiguration;
			buildSettings = {
				BUNDLE_LOADER = "$(BUILT_PRODUCTS_DIR)/Test Table.app/Test Table";
				FRAMEWORK_SEARCH_PATHS = (
					"$(SDKROOT)/Developer/Library/Frameworks",
					"$(inherited)",
					"$(DEVELOPER_FRAMEWORKS_DIR)",
				);
				GCC_PRECOMPILE_PREFIX_HEADER = YES;
				GCC_PREFIX_HEADER = "Test Table/Test Table-Prefix.pch";
				GCC_PREPROCESSOR_DEFINITIONS = (
					"DEBUG=1",
					"$(inherited)",
				);
				INFOPLIST_FILE = "Test TableTests/Test TableTests-Info.plist";
				PRODUCT_NAME = "$(TARGET_NAME)";
				TEST_HOST = "$(BUNDLE_LOADER)";
				WRAPPER_EXTENSION = xctest;
			};
			name = Debug;
		};
		0A3CA231193FB57B004A0F27 /* Release */ = {
			isa = XCBuildConfiguration;
			buildSettings = {
				BUNDLE_LOADER = "$(BUILT_PRODUCTS_DIR)/Test Table.app/Test Table";
				FRAMEWORK_SEARCH_PATHS = (
					"$(SDKROOT)/Developer/Library/Frameworks",
					"$(inherited)",
					"$(DEVELOPER_FRAMEWORKS_DIR)",
				);
				GCC_PRECOMPILE_PREFIX_HEADER = YES;
				GCC_PREFIX_HEADER = "Test Table/Test Table-Prefix.pch";
				INFOPLIST_FILE = "Test TableTests/Test TableTests-Info.plist";
				PRODUCT_NAME = "$(TARGET_NAME)";
				TEST_HOST = "$(BUNDLE_LOADER)";
				WRAPPER_EXTENSION = xctest;
			};
			name = Release;
		};
/* End XCBuildConfiguration section */

/* Begin XCConfigurationList section */
		0A3CA1FB193FB57B004A0F27 /* Build configuration list for PBXProject "Test Table" */ = {
			isa = XCConfigurationList;
			buildConfigurations = (
				0A3CA22A193FB57B004A0F27 /* Debug */,
				0A3CA22B193FB57B004A0F27 /* Release */,
			);
			defaultConfigurationIsVisible = 0;
			defaultConfigurationName = Release;
		};
		0A3CA22C193FB57B004A0F27 /* Build configuration list for PBXNativeTarget "Test Table" */ = {
			isa = XCConfigurationList;
			buildConfigurations = (
				0A3CA22D193FB57B004A0F27 /* Debug */,
				0A3CA22E193FB57B004A0F27 /* Release */,
			);
			defaultConfigurationIsVisible = 0;
		};
		0A3CA22F193FB57B004A0F27 /* Build configuration list for PBXNativeTarget "Test TableTests" */ = {
			isa = XCConfigurationList;
			buildConfigurations = (
				0A3CA230193FB57B004A0F27 /* Debug */,
				0A3CA231193FB57B004A0F27 /* Release */,
			);
			defaultConfigurationIsVisible = 0;
		};
/* End XCConfigurationList section */
	};
	rootObject = 0A3CA1F8193FB57B004A0F27 /* Project object */;
}
